core:changelogs:
  - content: "---\npackages:\n  \"@pi-ext/executor\":\n    type: patch\n---\n\n## Accept null schema fields in executor_search details and keep the other hits when one schema cannot be read.\n"
    filename: executor-nullable-schema.md
    v: 0.0.0
core:packages:
  - id: npm:pi-extensions
    updated: false
  - changelogIds:
      - executor-nullable-schema.md
    id: npm:@pi-ext/executor
    updated: true
npm:packages:
  - id: npm:pi-extensions
  - id: npm:@pi-ext/executor
